// !$*UTF8*$!
{
	archiveVersion = 1;
	classes = {
	};
	objectVersion = 50;
	objects = {

/* Begin PBXBuildFile section */
		1127460725E089C00084D479 /* CircleButton.m in Sources */ = {isa = PBXBuildFile; fileRef = 1127460625E089C00084D479 /* CircleButton.m */; };
		1127461225E138470084D479 /* MeasureNode.m in Sources */ = {isa = PBXBuildFile; fileRef = 1127461125E138470084D479 /* MeasureNode.m */; };
		1127461825E1477C0084D479 /* Result.m in Sources */ = {isa = PBXBuildFile; fileRef = 1127461725E1477C0084D479 /* Result.m */; };
		1156E15425E1B6280065362D /* ResultsTableViewDataSource.m in Sources */ = {isa = PBXBuildFile; fileRef = 1156E15325E1B6280065362D /* ResultsTableViewDataSource.m */; };
		1156E15825E1B8B70065362D /* ResultsViewController.m in Sources */ = {isa = PBXBuildFile; fileRef = 1156E15725E1B8B70065362D /* ResultsViewController.m */; };
		1156E15D25E1B9F70065362D /* ResultTableViewCell.m in Sources */ = {isa = PBXBuildFile; fileRef = 1156E15C25E1B9F70065362D /* ResultTableViewCell.m */; };
		116B2EF525C379E9007D5B0A /* AppDelegate.m in Sources */ = {isa = PBXBuildFile; fileRef = 116B2EF425C379E9007D5B0A /* AppDelegate.m */; };
		116B2EFA25C379E9007D5B0A /* HomeViewController.m in Sources */ = {isa = PBXBuildFile; fileRef = 116B2EF925C379E9007D5B0A /* HomeViewController.m */; };
		116B2EFD25C379E9007D5B0A /* Main.storyboard in Resources */ = {isa = PBXBuildFile; fileRef = 116B2EFB25C379E9007D5B0A /* Main.storyboard */; };
		116B2EFF25C379E9007D5B0A /* Assets.xcassets in Resources */ = {isa = PBXBuildFile; fileRef = 116B2EFE25C379E9007D5B0A /* Assets.xcassets */; };
		116B2F0225C379E9007D5B0A /* LaunchScreen.storyboard in Resources */ = {isa = PBXBuildFile; fileRef = 116B2F0025C379E9007D5B0A /* LaunchScreen.storyboard */; };
		116B2F0525C379E9007D5B0A /* main.m in Sources */ = {isa = PBXBuildFile; fileRef = 116B2F0425C379E9007D5B0A /* main.m */; };
		11E968B125F2EEA60069003E /* NSArray+Helper.m in Sources */ = {isa = PBXBuildFile; fileRef = 11E968B025F2EEA60069003E /* NSArray+Helper.m */; };
		11FA213325C8AD07000BA053 /* UnitNode.m in Sources */ = {isa = PBXBuildFile; fileRef = 11FA213225C8AD07000BA053 /* UnitNode.m */; };
		11FA213A25C8B33B000BA053 /* Helper.m in Sources */ = {isa = PBXBuildFile; fileRef = 11FA213925C8B33B000BA053 /* Helper.m */; };
		11FA213F25C96D78000BA053 /* CylinderLineNode.m in Sources */ = {isa = PBXBuildFile; fileRef = 11FA213E25C96D78000BA053 /* CylinderLineNode.m */; };
		11FA214825C9729E000BA053 /* MarkerNode.m in Sources */ = {isa = PBXBuildFile; fileRef = 11FA214725C9729E000BA053 /* MarkerNode.m */; };
/* End PBXBuildFile section */

/* Begin PBXFileReference section */
		1127460525E089C00084D479 /* CircleButton.h */ = {isa = PBXFileReference; lastKnownFileType = sourcecode.c.h; path = CircleButton.h; sourceTree = "<group>"; };
		1127460625E089C00084D479 /* CircleButton.m */ = {isa = PBXFileReference; lastKnownFileType = sourcecode.c.objc; path = CircleButton.m; sourceTree = "<group>"; };
		1127461025E138470084D479 /* MeasureNode.h */ = {isa = PBXFileReference; lastKnownFileType = sourcecode.c.h; path = MeasureNode.h; sourceTree = "<group>"; };
		1127461125E138470084D479 /* MeasureNode.m */ = {isa = PBXFileReference; lastKnownFileType = sourcecode.c.objc; path = MeasureNode.m; sourceTree = "<group>"; };
		1127461625E1477C0084D479 /* Result.h */ = {isa = PBXFileReference; lastKnownFileType = sourcecode.c.h; path = Result.h; sourceTree = "<group>"; };
		1127461725E1477C0084D479 /* Result.m */ = {isa = PBXFileReference; lastKnownFileType = sourcecode.c.objc; path = Result.m; sourceTree = "<group>"; };
		1156E15225E1B6280065362D /* ResultsTableViewDataSource.h */ = {isa = PBXFileReference; lastKnownFileType = sourcecode.c.h; path = ResultsTableViewDataSource.h; sourceTree = "<group>"; };
		1156E15325E1B6280065362D /* ResultsTableViewDataSource.m */ = {isa = PBXFileReference; lastKnownFileType = sourcecode.c.objc; path = ResultsTableViewDataSource.m; sourceTree = "<group>"; };
		1156E15625E1B8B70065362D /* ResultsViewController.h */ = {isa = PBXFileReference; lastKnownFileType = sourcecode.c.h; path = ResultsViewController.h; sourceTree = "<group>"; };
		1156E15725E1B8B70065362D /* ResultsViewController.m */ = {isa = PBXFileReference; lastKnownFileType = sourcecode.c.objc; path = ResultsViewController.m; sourceTree = "<group>"; };
		1156E15B25E1B9F70065362D /* ResultTableViewCell.h */ = {isa = PBXFileReference; lastKnownFileType = sourcecode.c.h; path = ResultTableViewCell.h; sourceTree = "<group>"; };
		1156E15C25E1B9F70065362D /* ResultTableViewCell.m */ = {isa = PBXFileReference; lastKnownFileType = sourcecode.c.objc; path = ResultTableViewCell.m; sourceTree = "<group>"; };
		116B2EF025C379E9007D5B0A /* SimpleRulerApp.app */ = {isa = PBXFileReference; explicitFileType = wrapper.application; includeInIndex = 0; path = SimpleRulerApp.app; sourceTree = BUILT_PRODUCTS_DIR; };
		116B2EF325C379E9007D5B0A /* AppDelegate.h */ = {isa = PBXFileReference; lastKnownFileType = sourcecode.c.h; path = AppDelegate.h; sourceTree = "<group>"; };
		116B2EF425C379E9007D5B0A /* AppDelegate.m */ = {isa = PBXFileReference; lastKnownFileType = sourcecode.c.objc; path = AppDelegate.m; sourceTree = "<group>"; };
		116B2EF825C379E9007D5B0A /* HomeViewController.h */ = {isa = PBXFileReference; lastKnownFileType = sourcecode.c.h; path = HomeViewController.h; sourceTree = "<group>"; };
		116B2EF925C379E9007D5B0A /* HomeViewController.m */ = {isa = PBXFileReference; lastKnownFileType = sourcecode.c.objc; path = HomeViewController.m; sourceTree = "<group>"; };
		116B2EFC25C379E9007D5B0A /* Base */ = {isa = PBXFileReference; lastKnownFileType = file.storyboard; name = Base; path = Base.lproj/Main.storyboard; sourceTree = "<group>"; };
		116B2EFE25C379E9007D5B0A /* Assets.xcassets */ = {isa = PBXFileReference; lastKnownFileType = folder.assetcatalog; path = Assets.xcassets; sourceTree = "<group>"; };
		116B2F0125C379E9007D5B0A /* Base */ = {isa = PBXFileReference; lastKnownFileType = file.storyboard; name = Base; path = Base.lproj/LaunchScreen.storyboard; sourceTree = "<group>"; };
		116B2F0325C379E9007D5B0A /* Info.plist */ = {isa = PBXFileReference; lastKnownFileType = text.plist.xml; path = Info.plist; sourceTree = "<group>"; };
		116B2F0425C379E9007D5B0A /* main.m */ = {isa = PBXFileReference; lastKnownFileType = sourcecode.c.objc; path = main.m; sourceTree = "<group>"; };
		11E968AF25F2EEA60069003E /* NSArray+Helper.h */ = {isa = PBXFileReference; lastKnownFileType = sourcecode.c.h; path = "NSArray+Helper.h"; sourceTree = "<group>"; };
		11E968B025F2EEA60069003E /* NSArray+Helper.m */ = {isa = PBXFileReference; lastKnownFileType = sourcecode.c.objc; path = "NSArray+Helper.m"; sourceTree = "<group>"; };
		11FA213125C8AD07000BA053 /* UnitNode.h */ = {isa = PBXFileReference; lastKnownFileType = sourcecode.c.h; path = UnitNode.h; sourceTree = "<group>"; };
		11FA213225C8AD07000BA053 /* UnitNode.m */ = {isa = PBXFileReference; lastKnownFileType = sourcecode.c.objc; path = UnitNode.m; sourceTree = "<group>"; };
		11FA213825C8B33B000BA053 /* Helper.h */ = {isa = PBXFileReference; lastKnownFileType = sourcecode.c.h; path = Helper.h; sourceTree = "<group>"; };
		11FA213925C8B33B000BA053 /* Helper.m */ = {isa = PBXFileReference; lastKnownFileType = sourcecode.c.objc; path = Helper.m; sourceTree = "<group>"; };
		11FA213D25C96D78000BA053 /* CylinderLineNode.h */ = {isa = PBXFileReference; lastKnownFileType = sourcecode.c.h; path = CylinderLineNode.h; sourceTree = "<group>"; };
		11FA213E25C96D78000BA053 /* CylinderLineNode.m */ = {isa = PBXFileReference; lastKnownFileType = sourcecode.c.objc; path = CylinderLineNode.m; sourceTree = "<group>"; };
		11FA214625C9729E000BA053 /* MarkerNode.h */ = {isa = PBXFileReference; lastKnownFileType = sourcecode.c.h; path = MarkerNode.h; sourceTree = "<group>"; };
		11FA214725C9729E000BA053 /* MarkerNode.m */ = {isa = PBXFileReference; lastKnownFileType = sourcecode.c.objc; path = MarkerNode.m; sourceTree = "<group>"; };
/* End PBXFileReference section */

/* Begin PBXFrameworksBuildPhase section */
		116B2EED25C379E9007D5B0A /* Frameworks */ = {
			isa = PBXFrameworksBuildPhase;
			buildActionMask = 2147483647;
			files = (
			);
			runOnlyForDeploymentPostprocessing = 0;
		};
/* End PBXFrameworksBuildPhase section */

/* Begin PBXGroup section */
		1127461525E1474C0084D479 /* Model */ = {
			isa = PBXGroup;
			children = (
				1127461625E1477C0084D479 /* Result.h */,
				1127461725E1477C0084D479 /* Result.m */,
			);
			path = Model;
			sourceTree = "<group>";
		};
		116B2EE725C379E9007D5B0A = {
			isa = PBXGroup;
			children = (
				116B2EF225C379E9007D5B0A /* SimpleRulerApp */,
				116B2EF125C379E9007D5B0A /* Products */,
			);
			sourceTree = "<group>";
		};
		116B2EF125C379E9007D5B0A /* Products */ = {
			isa = PBXGroup;
			children = (
				116B2EF025C379E9007D5B0A /* SimpleRulerApp.app */,
			);
			name = Products;
			sourceTree = "<group>";
		};
		116B2EF225C379E9007D5B0A /* SimpleRulerApp */ = {
			isa = PBXGroup;
			children = (
				11E968A925F2EE130069003E /* Categories */,
				1127461525E1474C0084D479 /* Model */,
				11FA213725C8B30F000BA053 /* Utils */,
				11FA213025C8ACB4000BA053 /* Views */,
				116B2F0D25C37A91007D5B0A /* Supporting Files */,
				116B2F1025C37ABA007D5B0A /* Storyboards */,
				116B2F0F25C37AAB007D5B0A /* Assets */,
				116B2F1125C37AD3007D5B0A /* Controllers */,
				116B2F0325C379E9007D5B0A /* Info.plist */,
				116B2F0425C379E9007D5B0A /* main.m */,
			);
			path = SimpleRulerApp;
			sourceTree = "<group>";
		};
		116B2F0D25C37A91007D5B0A /* Supporting Files */ = {
			isa = PBXGroup;
			children = (
				116B2EF325C379E9007D5B0A /* AppDelegate.h */,
				116B2EF425C379E9007D5B0A /* AppDelegate.m */,
			);
			path = "Supporting Files";
			sourceTree = "<group>";
		};
		116B2F0F25C37AAB007D5B0A /* Assets */ = {
			isa = PBXGroup;
			children = (
				116B2EFE25C379E9007D5B0A /* Assets.xcassets */,
			);
			path = Assets;
			sourceTree = "<group>";
		};
		116B2F1025C37ABA007D5B0A /* Storyboards */ = {
			isa = PBXGroup;
			children = (
				116B2EFB25C379E9007D5B0A /* Main.storyboard */,
				116B2F0025C379E9007D5B0A /* LaunchScreen.storyboard */,
			);
			path = Storyboards;
			sourceTree = "<group>";
		};
		116B2F1125C37AD3007D5B0A /* Controllers */ = {
			isa = PBXGroup;
			children = (
				116B2EF825C379E9007D5B0A /* HomeViewController.h */,
				116B2EF925C379E9007D5B0A /* HomeViewController.m */,
				1156E15625E1B8B70065362D /* ResultsViewController.h */,
				1156E15725E1B8B70065362D /* ResultsViewController.m */,
				1156E15225E1B6280065362D /* ResultsTableViewDataSource.h */,
				1156E15325E1B6280065362D /* ResultsTableViewDataSource.m */,
			);
			path = Controllers;
			sourceTree = "<group>";
		};
		11E968A925F2EE130069003E /* Categories */ = {
			isa = PBXGroup;
			children = (
				11E968AF25F2EEA60069003E /* NSArray+Helper.h */,
				11E968B025F2EEA60069003E /* NSArray+Helper.m */,
			);
			path = Categories;
			sourceTree = "<group>";
		};
		11FA213025C8ACB4000BA053 /* Views */ = {
			isa = PBXGroup;
			children = (
				11FA213125C8AD07000BA053 /* UnitNode.h */,
				11FA213225C8AD07000BA053 /* UnitNode.m */,
				11FA213D25C96D78000BA053 /* CylinderLineNode.h */,
				11FA213E25C96D78000BA053 /* CylinderLineNode.m */,
				11FA214625C9729E000BA053 /* MarkerNode.h */,
				11FA214725C9729E000BA053 /* MarkerNode.m */,
				1127460525E089C00084D479 /* CircleButton.h */,
				1127460625E089C00084D479 /* CircleButton.m */,
				1127461025E138470084D479 /* MeasureNode.h */,
				1127461125E138470084D479 /* MeasureNode.m */,
				1156E15B25E1B9F70065362D /* ResultTableViewCell.h */,
				1156E15C25E1B9F70065362D /* ResultTableViewCell.m */,
			);
			path = Views;
			sourceTree = "<group>";
		};
		11FA213725C8B30F000BA053 /* Utils */ = {
			isa = PBXGroup;
			children = (
				11FA213825C8B33B000BA053 /* Helper.h */,
				11FA213925C8B33B000BA053 /* Helper.m */,
			);
			path = Utils;
			sourceTree = "<group>";
		};
/* End PBXGroup section */

/* Begin PBXNativeTarget section */
		116B2EEF25C379E9007D5B0A /* SimpleRulerApp */ = {
			isa = PBXNativeTarget;
			buildConfigurationList = 116B2F0825C379E9007D5B0A /* Build configuration list for PBXNativeTarget "SimpleRulerApp" */;
			buildPhases = (
				116B2EEC25C379E9007D5B0A /* Sources */,
				116B2EED25C379E9007D5B0A /* Frameworks */,
				116B2EEE25C379E9007D5B0A /* Resources */,
			);
			buildRules = (
			);
			dependencies = (
			);
			name = SimpleRulerApp;
			productName = SimpleRulerApp;
			productReference = 116B2EF025C379E9007D5B0A /* SimpleRulerApp.app */;
			productType = "com.apple.product-type.application";
		};
/* End PBXNativeTarget section */

/* Begin PBXProject section */
		116B2EE825C379E9007D5B0A /* Project object */ = {
			isa = PBXProject;
			attributes = {
				LastUpgradeCheck = 1240;
				TargetAttributes = {
					116B2EEF25C379E9007D5B0A = {
						CreatedOnToolsVersion = 12.4;
					};
				};
			};
			buildConfigurationList = 116B2EEB25C379E9007D5B0A /* Build configuration list for PBXProject "SimpleRulerApp" */;
			compatibilityVersion = "Xcode 9.3";
			developmentRegion = en;
			hasScannedForEncodings = 0;
			knownRegions = (
				en,
				Base,
			);
			mainGroup = 116B2EE725C379E9007D5B0A;
			productRefGroup = 116B2EF125C379E9007D5B0A /* Products */;
			projectDirPath = "";
			projectRoot = "";
			targets = (
				116B2EEF25C379E9007D5B0A /* SimpleRulerApp */,
			);
		};
/* End PBXProject section */

/* Begin PBXResourcesBuildPhase section */
		116B2EEE25C379E9007D5B0A /* Resources */ = {
			isa = PBXResourcesBuildPhase;
			buildActionMask = 2147483647;
			files = (
				116B2F0225C379E9007D5B0A /* LaunchScreen.storyboard in Resources */,
				116B2EFF25C379E9007D5B0A /* Assets.xcassets in Resources */,
				116B2EFD25C379E9007D5B0A /* Main.storyboard in Resources */,
			);
			runOnlyForDeploymentPostprocessing = 0;
		};
/* End PBXResourcesBuildPhase section */

/* Begin PBXSourcesBuildPhase section */
		116B2EEC25C379E9007D5B0A /* Sources */ = {
			isa = PBXSourcesBuildPhase;
			buildActionMask = 2147483647;
			files = (
				116B2EFA25C379E9007D5B0A /* HomeViewController.m in Sources */,
				116B2F0525C379E9007D5B0A /* main.m in Sources */,
				11FA213325C8AD07000BA053 /* UnitNode.m in Sources */,
				1127461225E138470084D479 /* MeasureNode.m in Sources */,
				116B2EF525C379E9007D5B0A /* AppDelegate.m in Sources */,
				1156E15D25E1B9F70065362D /* ResultTableViewCell.m in Sources */,
				1127461825E1477C0084D479 /* Result.m in Sources */,
				11FA214825C9729E000BA053 /* MarkerNode.m in Sources */,
				11FA213A25C8B33B000BA053 /* Helper.m in Sources */,
				11FA213F25C96D78000BA053 /* CylinderLineNode.m in Sources */,
				1127460725E089C00084D479 /* CircleButton.m in Sources */,
				1156E15425E1B6280065362D /* ResultsTableViewDataSource.m in Sources */,
				1156E15825E1B8B70065362D /* ResultsViewController.m in Sources */,
				11E968B125F2EEA60069003E /* NSArray+Helper.m in Sources */,
			);
			runOnlyForDeploymentPostprocessing = 0;
		};
/* End PBXSourcesBuildPhase section */

/* Begin PBXVariantGroup section */
		116B2EFB25C379E9007D5B0A /* Main.storyboard */ = {
			isa = PBXVariantGroup;
			children = (
				116B2EFC25C379E9007D5B0A /* Base */,
			);
			name = Main.storyboard;
			sourceTree = "<group>";
		};
		116B2F0025C379E9007D5B0A /* LaunchScreen.storyboard */ = {
			isa = PBXVariantGroup;
			children = (
				116B2F0125C379E9007D5B0A /* Base */,
			);
			name = LaunchScreen.storyboard;
			sourceTree = "<group>";
		};
/* End PBXVariantGroup section */

/* Begin XCBuildConfiguration section */
		116B2F0625C379E9007D5B0A /* Debug */ = {
			isa = XCBuildConfiguration;
			buildSettings = {
				ALWAYS_SEARCH_USER_PATHS = NO;
				CLANG_ANALYZER_NONNULL = YES;
				CLANG_ANALYZER_NUMBER_OBJECT_CONVERSION = YES_AGGRESSIVE;
				CLANG_CXX_LANGUAGE_STANDARD = "gnu++14";
				CLANG_CXX_LIBRARY = "libc++";
				CLANG_ENABLE_MODULES = YES;
				CLANG_ENABLE_OBJC_ARC = YES;
				CLANG_ENABLE_OBJC_WEAK = YES;
				CLANG_WARN_BLOCK_CAPTURE_AUTORELEASING = YES;
				CLANG_WARN_BOOL_CONVERSION = YES;
				CLANG_WARN_COMMA = YES;
				CLANG_WARN_CONSTANT_CONVERSION = YES;
				CLANG_WARN_DEPRECATED_OBJC_IMPLEMENTATIONS = YES;
				CLANG_WARN_DIRECT_OBJC_ISA_USAGE = YES_ERROR;
				CLANG_WARN_DOCUMENTATION_COMMENTS = YES;
				CLANG_WARN_EMPTY_BODY = YES;
				CLANG_WARN_ENUM_CONVERSION = YES;
				CLANG_WARN_INFINITE_RECURSION = YES;
				CLANG_WARN_INT_CONVERSION = YES;
				CLANG_WARN_NON_LITERAL_NULL_CONVERSION = YES;
				CLANG_WARN_OBJC_IMPLICIT_RETAIN_SELF = YES;
				CLANG_WARN_OBJC_LITERAL_CONVERSION = YES;
				CLANG_WARN_OBJC_ROOT_CLASS = YES_ERROR;
				CLANG_WARN_QUOTED_INCLUDE_IN_FRAMEWORK_HEADER = YES;
				CLANG_WARN_RANGE_LOOP_ANALYSIS = YES;
				CLANG_WARN_STRICT_PROTOTYPES = YES;
				CLANG_WARN_SUSPICIOUS_MOVE = YES;
				CLANG_WARN_UNGUARDED_AVAILABILITY = YES_AGGRESSIVE;
				CLANG_WARN_UNREACHABLE_CODE = YES;
				CLANG_WARN__DUPLICATE_METHOD_MATCH = YES;
				COPY_PHASE_STRIP = NO;
				DEBUG_INFORMATION_FORMAT = dwarf;
				ENABLE_STRICT_OBJC_MSGSEND = YES;
				ENABLE_TESTABILITY = YES;
				GCC_C_LANGUAGE_STANDARD = gnu11;
				GCC_DYNAMIC_NO_PIC = NO;
				GCC_NO_COMMON_BLOCKS = YES;
				GCC_OPTIMIZATION_LEVEL = 0;
				GCC_PREPROCESSOR_DEFINITIONS = (
					"DEBUG=1",
					"$(inherited)",
				);
				GCC_WARN_64_TO_32_BIT_CONVERSION = YES;
				GCC_WARN_ABOUT_RETURN_TYPE = YES_ERROR;
				GCC_WARN_UNDECLARED_SELECTOR = YES;
				GCC_WARN_UNINITIALIZED_AUTOS = YES_AGGRESSIVE;
				GCC_WARN_UNUSED_FUNCTION = YES;
				GCC_WARN_UNUSED_VARIABLE = YES;
				IPHONEOS_DEPLOYMENT_TARGET = 11.4;
				MTL_ENABLE_DEBUG_INFO = INCLUDE_SOURCE;
				MTL_FAST_MATH = YES;
				ONLY_ACTIVE_ARCH = YES;
				SDKROOT = iphoneos;
			};
			name = Debug;
		};
		116B2F0725C379E9007D5B0A /* Release */ = {
			isa = XCBuildConfiguration;
			buildSettings = {
				ALWAYS_SEARCH_USER_PATHS = NO;
				CLANG_ANALYZER_NONNULL = YES;
				CLANG_ANALYZER_NUMBER_OBJECT_CONVERSION = YES_AGGRESSIVE;
				CLANG_CXX_LANGUAGE_STANDARD = "gnu++14";
				CLANG_CXX_LIBRARY = "libc++";
				CLANG_ENABLE_MODULES = YES;
				CLANG_ENABLE_OBJC_ARC = YES;
				CLANG_ENABLE_OBJC_WEAK = YES;
				CLANG_WARN_BLOCK_CAPTURE_AUTORELEASING = YES;
				CLANG_WARN_BOOL_CONVERSION = YES;
				CLANG_WARN_COMMA = YES;
				CLANG_WARN_CONSTANT_CONVERSION = YES;
				CLANG_WARN_DEPRECATED_OBJC_IMPLEMENTATIONS = YES;
				CLANG_WARN_DIRECT_OBJC_ISA_USAGE = YES_ERROR;
				CLANG_WARN_DOCUMENTATION_COMMENTS = YES;
				CLANG_WARN_EMPTY_BODY = YES;
				CLANG_WARN_ENUM_CONVERSION = YES;
				CLANG_WARN_INFINITE_RECURSION = YES;
				CLANG_WARN_INT_CONVERSION = YES;
				CLANG_WARN_NON_LITERAL_NULL_CONVERSION = YES;
				CLANG_WARN_OBJC_IMPLICIT_RETAIN_SELF = YES;
				CLANG_WARN_OBJC_LITERAL_CONVERSION = YES;
				CLANG_WARN_OBJC_ROOT_CLASS = YES_ERROR;
				CLANG_WARN_QUOTED_INCLUDE_IN_FRAMEWORK_HEADER = YES;
				CLANG_WARN_RANGE_LOOP_ANALYSIS = YES;
				CLANG_WARN_STRICT_PROTOTYPES = YES;
				CLANG_WARN_SUSPICIOUS_MOVE = YES;
				CLANG_WARN_UNGUARDED_AVAILABILITY = YES_AGGRESSIVE;
				CLANG_WARN_UNREACHABLE_CODE = YES;
				CLANG_WARN__DUPLICATE_METHOD_MATCH = YES;
				COPY_PHASE_STRIP = NO;
				DEBUG_INFORMATION_FORMAT = "dwarf-with-dsym";
				ENABLE_NS_ASSERTIONS = NO;
				ENABLE_STRICT_OBJC_MSGSEND = YES;
				GCC_C_LANGUAGE_STANDARD = gnu11;
				GCC_NO_COMMON_BLOCKS = YES;
				GCC_WARN_64_TO_32_BIT_CONVERSION = YES;
				GCC_WARN_ABOUT_RETURN_TYPE = YES_ERROR;
				GCC_WARN_UNDECLARED_SELECTOR = YES;
				GCC_WARN_UNINITIALIZED_AUTOS = YES_AGGRESSIVE;
				GCC_WARN_UNUSED_FUNCTION = YES;
				GCC_WARN_UNUSED_VARIABLE = YES;
				IPHONEOS_DEPLOYMENT_TARGET = 11.4;
				MTL_ENABLE_DEBUG_INFO = NO;
				MTL_FAST_MATH = YES;
				SDKROOT = iphoneos;
				VALIDATE_PRODUCT = YES;
			};
			name = Release;
		};
		116B2F0925C379E9007D5B0A /* Debug */ = {
			isa = XCBuildConfiguration;
			buildSettings = {
				ASSETCATALOG_COMPILER_APPICON_NAME = AppIcon;
				ASSETCATALOG_COMPILER_GLOBAL_ACCENT_COLOR_NAME = AccentColor;
				CODE_SIGN_STYLE = Automatic;
				DEVELOPMENT_TEAM = P353H6D448;
				INFOPLIST_FILE = SimpleRulerApp/Info.plist;
				LD_RUNPATH_SEARCH_PATHS = (
					"$(inherited)",
					"@executable_path/Frameworks",
				);
				PRODUCT_BUNDLE_IDENTIFIER = maxkalik.com.SimpleRulerApp;
				PRODUCT_NAME = "$(TARGET_NAME)";
				TARGETED_DEVICE_FAMILY = "1,2";
			};
			name = Debug;
		};
		116B2F0A25C379E9007D5B0A /* Release */ = {
			isa = XCBuildConfiguration;
			buildSettings = {
				ASSETCATALOG_COMPILER_APPICON_NAME = AppIcon;
				ASSETCATALOG_COMPILER_GLOBAL_ACCENT_COLOR_NAME = AccentColor;
				CODE_SIGN_STYLE = Automatic;
				DEVELOPMENT_TEAM = P353H6D448;
				INFOPLIST_FILE = SimpleRulerApp/Info.plist;
				LD_RUNPATH_SEARCH_PATHS = (
					"$(inherited)",
					"@executable_path/Frameworks",
				);
				PRODUCT_BUNDLE_IDENTIFIER = maxkalik.com.SimpleRulerApp;
				PRODUCT_NAME = "$(TARGET_NAME)";
				TARGETED_DEVICE_FAMILY = "1,2";
			};
			name = Release;
		};
/* End XCBuildConfiguration section */

/* Begin XCConfigurationList section */
		116B2EEB25C379E9007D5B0A /* Build configuration list for PBXProject "SimpleRulerApp" */ = {
			isa = XCConfigurationList;
			buildConfigurations = (
				116B2F0625C379E9007D5B0A /* Debug */,
				116B2F0725C379E9007D5B0A /* Release */,
			);
			defaultConfigurationIsVisible = 0;
			defaultConfigurationName = Release;
		};
		116B2F0825C379E9007D5B0A /* Build configuration list for PBXNativeTarget "SimpleRulerApp" */ = {
			isa = XCConfigurationList;
			buildConfigurations = (
				116B2F0925C379E9007D5B0A /* Debug */,
				116B2F0A25C379E9007D5B0A /* Release */,
			);
			defaultConfigurationIsVisible = 0;
			defaultConfigurationName = Release;
		};
/* End XCConfigurationList section */
	};
	rootObject = 116B2EE825C379E9007D5B0A /* Project object */;
}
